
Microsoft Visual Studio Solution File, Format Version 12.00
# Blend for Visual Studio Version 16
VisualStudioVersion = 16.0.32602.291
MinimumVisualStudioVersion = 10.0.40219.1
Project("{FAE04EC0-301F-11D3-BF4B-00C04F79EFBC}") = "RobloxGameManager", "RobloxGameManager\RobloxGameManager.csproj", "{BBB3BE8F-664C-4B76-AB1C-D897A09A1C1F}"
EndProject
Global
	GlobalSection(SolutionConfigurationPlatforms) = preSolution
		Debug|Any CPU = Debug|Any CPU
		Debug|x64 = Debug|x64
		Release|Any CPU = Release|Any CPU
		Release|x64 = Release|x64
	EndGlobalSection
	GlobalSection(ProjectConfigurationPlatforms) = postSolution
		{BBB3BE8F-664C-4B76-AB1C-D897A09A1C1F}.Debug|Any CPU.ActiveCfg = Debug|Any CPU
		{BBB3BE8F-664C-4B76-AB1C-D897A09A1C1F}.Debug|Any CPU.Build.0 = Debug|Any CPU
		{BBB3BE8F-664C-4B76-AB1C-D897A09A1C1F}.Debug|x64.ActiveCfg = Debug|x64
		{BBB3BE8F-664C-4B76-AB1C-D897A09A1C1F}.Debug|x64.Build.0 = Debug|x64
		{BBB3BE8F-664C-4B76-AB1C-D897A09A1C1F}.Release|Any CPU.ActiveCfg = Release|Any CPU
		{BBB3BE8F-664C-4B76-AB1C-D897A09A1C1F}.Release|Any CPU.Build.0 = Release|Any CPU
		{BBB3BE8F-664C-4B76-AB1C-D897A09A1C1F}.Release|x64.ActiveCfg = Release|x64
		{BBB3BE8F-664C-4B76-AB1C-D897A09A1C1F}.Release|x64.Build.0 = Release|x64
	EndGlobalSection
	GlobalSection(SolutionProperties) = preSolution
		HideSolutionNode = FALSE
	EndGlobalSection
	GlobalSection(ExtensibilityGlobals) = postSolution
		SolutionGuid = {8A7C6D39-024C-4063-A952-E4758EBB4C95}
	EndGlobalSection
EndGlobal
